
Microsoft Visual Studio Solution File, Format Version 12.00
# Visual Studio Version 16
VisualStudioVersion = 16.0.32106.194
MinimumVisualStudioVersion = 10.0.40219.1
Project("{9A19103F-16F7-4668-BE54-9A1E7A4F7556}") = "gamer", "gamer\gamer.csproj", "{2E76BF48-E520-49BF-AD94-C8B695764CED}"
EndProject
Project("{9A19103F-16F7-4668-BE54-9A1E7A4F7556}") = "Calculator", "Calculator\Calculator.csproj", "{82960B25-D7E2-4B27-B60C-AC679C449EA7}"
EndProject
Project("{9A19103F-16F7-4668-BE54-9A1E7A4F7556}") = "TODOList", "TODOList\TODOList.csproj", "{A9A06A7E-3352-4BEF-92ED-61CAA40DD1E3}"
EndProject
Project("{FAE04EC0-301F-11D3-BF4B-00C04F79EFBC}") = "oops", "oops\oops.csproj", "{1238A1A9-8CFB-4204-B7A8-F50172217CAF}"
EndProject
Project("{FAE04EC0-301F-11D3-BF4B-00C04F79EFBC}") = "HotelBooking", "HotelBooking\HotelBooking.csproj", "{7D8C14D1-1653-448B-BFB3-AE1E021FA1BA}"
EndProject
Global
	GlobalSection(SolutionConfigurationPlatforms) = preSolution
		Debug|Any CPU = Debug|Any CPU
		Release|Any CPU = Release|Any CPU
	EndGlobalSection
	GlobalSection(ProjectConfigurationPlatforms) = postSolution
		{2E76BF48-E520-49BF-AD94-C8B695764CED}.Debug|Any CPU.ActiveCfg = Debug|Any CPU
		{2E76BF48-E520-49BF-AD94-C8B695764CED}.Debug|Any CPU.Build.0 = Debug|Any CPU
		{2E76BF48-E520-49BF-AD94-C8B695764CED}.Release|Any CPU.ActiveCfg = Release|Any CPU
		{2E76BF48-E520-49BF-AD94-C8B695764CED}.Release|Any CPU.Build.0 = Release|Any CPU
		{82960B25-D7E2-4B27-B60C-AC679C449EA7}.Debug|Any CPU.ActiveCfg = Debug|Any CPU
		{82960B25-D7E2-4B27-B60C-AC679C449EA7}.Debug|Any CPU.Build.0 = Debug|Any CPU
		{82960B25-D7E2-4B27-B60C-AC679C449EA7}.Release|Any CPU.ActiveCfg = Release|Any CPU
		{82960B25-D7E2-4B27-B60C-AC679C449EA7}.Release|Any CPU.Build.0 = Release|Any CPU
		{A9A06A7E-3352-4BEF-92ED-61CAA40DD1E3}.Debug|Any CPU.ActiveCfg = Debug|Any CPU
		{A9A06A7E-3352-4BEF-92ED-61CAA40DD1E3}.Debug|Any CPU.Build.0 = Debug|Any CPU
		{A9A06A7E-3352-4BEF-92ED-61CAA40DD1E3}.Release|Any CPU.ActiveCfg = Release|Any CPU
		{A9A06A7E-3352-4BEF-92ED-61CAA40DD1E3}.Release|Any CPU.Build.0 = Release|Any CPU
		{1238A1A9-8CFB-4204-B7A8-F50172217CAF}.Debug|Any CPU.ActiveCfg = Debug|Any CPU
		{1238A1A9-8CFB-4204-B7A8-F50172217CAF}.Debug|Any CPU.Build.0 = Debug|Any CPU
		{1238A1A9-8CFB-4204-B7A8-F50172217CAF}.Release|Any CPU.ActiveCfg = Release|Any CPU
		{1238A1A9-8CFB-4204-B7A8-F50172217CAF}.Release|Any CPU.Build.0 = Release|Any CPU
		{7D8C14D1-1653-448B-BFB3-AE1E021FA1BA}.Debug|Any CPU.ActiveCfg = Debug|Any CPU
		{7D8C14D1-1653-448B-BFB3-AE1E021FA1BA}.Debug|Any CPU.Build.0 = Debug|Any CPU
		{7D8C14D1-1653-448B-BFB3-AE1E021FA1BA}.Release|Any CPU.ActiveCfg = Release|Any CPU
		{7D8C14D1-1653-448B-BFB3-AE1E021FA1BA}.Release|Any CPU.Build.0 = Release|Any CPU
	EndGlobalSection
	GlobalSection(SolutionProperties) = preSolution
		HideSolutionNode = FALSE
	EndGlobalSection
	GlobalSection(ExtensibilityGlobals) = postSolution
		SolutionGuid = {8EC9C93E-1243-4D32-8090-BC069ACB0893}
	EndGlobalSection
EndGlobal
